// !$*UTF8*$!
{
	archiveVersion = 1;
	classes = {
	};
	objectVersion = 48;
	objects = {

/* Begin PBXBuildFile section */
		B522710322769400003D2ACE /* m3_host.c in Sources */ = {isa = PBXBuildFile; fileRef = B5227101227693FF003D2ACE /* m3_host.c */; };
		B54326322267FE450079BFE8 /* m3_exec.c in Sources */ = {isa = PBXBuildFile; fileRef = B54326312267FE450079BFE8 /* m3_exec.c */; };
		B54326352267FF7E0079BFE8 /* m3_compile.c in Sources */ = {isa = PBXBuildFile; fileRef = B54326342267FF7E0079BFE8 /* m3_compile.c */; };
		B5432638226A72AA0079BFE8 /* m3_code.c in Sources */ = {isa = PBXBuildFile; fileRef = B5432637226A72AA0079BFE8 /* m3_code.c */; };
		B543263B226A76120079BFE8 /* m3_env.c in Sources */ = {isa = PBXBuildFile; fileRef = B543263A226A76120079BFE8 /* m3_env.c */; };
		B543263E226AE2B60079BFE8 /* m3_parse.c in Sources */ = {isa = PBXBuildFile; fileRef = B543263D226AE2B60079BFE8 /* m3_parse.c */; };
		B5537E52227709B300DD3E2A /* m3_bind.c in Sources */ = {isa = PBXBuildFile; fileRef = B5537E51227709B300DD3E2A /* m3_bind.c */; };
		B5665E3022D577A8003F799A /* m3_emit.c in Sources */ = {isa = PBXBuildFile; fileRef = B5665E2F22D577A8003F799A /* m3_emit.c */; };
		B56FD4C22282A49C006B249B /* m3_module.c in Sources */ = {isa = PBXBuildFile; fileRef = B56FD4C12282A49C006B249B /* m3_module.c */; };
		B5946A0422654C05008572B8 /* main.cpp in Sources */ = {isa = PBXBuildFile; fileRef = B5946A0322654C05008572B8 /* main.cpp */; };
		B5EE06AB2266EF3900DCF003 /* m3_core.c in Sources */ = {isa = PBXBuildFile; fileRef = B5EE06AA2266EF3800DCF003 /* m3_core.c */; };
		B5F7788A2275781B001A4F1E /* m3_optimize.c in Sources */ = {isa = PBXBuildFile; fileRef = B5F778892275781B001A4F1E /* m3_optimize.c */; };
		B5F7788D227579A9001A4F1E /* m3_info.c in Sources */ = {isa = PBXBuildFile; fileRef = B5F7788C227579A9001A4F1E /* m3_info.c */; };
/* End PBXBuildFile section */

/* Begin PBXCopyFilesBuildPhase section */
		B59469F622654B8F008572B8 /* CopyFiles */ = {
			isa = PBXCopyFilesBuildPhase;
			buildActionMask = 2147483647;
			dstPath = /usr/share/man/man1/;
			dstSubfolderSpec = 0;
			files = (
			);
			runOnlyForDeploymentPostprocessing = 1;
		};
/* End PBXCopyFilesBuildPhase section */

/* Begin PBXFileReference section */
		B50D654E226D117100C09526 /* m3.h */ = {isa = PBXFileReference; lastKnownFileType = sourcecode.c.h; name = m3.h; path = ../../source/m3.h; sourceTree = "<group>"; };
		B51327812277EB6000447182 /* perf.crc.c */ = {isa = PBXFileReference; lastKnownFileType = sourcecode.c.c; name = perf.crc.c; path = ../../benchmark/perf.crc.c; sourceTree = "<group>"; };
		B51D6D5622C69EF2008BA3E0 /* test.zlib.c */ = {isa = PBXFileReference; lastKnownFileType = sourcecode.c.c; name = test.zlib.c; path = ../../benchmark/zlib/test.zlib.c; sourceTree = "<group>"; };
		B5227101227693FF003D2ACE /* m3_host.c */ = {isa = PBXFileReference; fileEncoding = 4; lastKnownFileType = sourcecode.c.c; name = m3_host.c; path = ../../source/m3_host.c; sourceTree = "<group>"; };
		B5227102227693FF003D2ACE /* m3_host.h */ = {isa = PBXFileReference; fileEncoding = 4; lastKnownFileType = sourcecode.c.h; name = m3_host.h; path = ../../source/m3_host.h; sourceTree = "<group>"; };
		B539F35522D2B68500219799 /* m3_module.h */ = {isa = PBXFileReference; lastKnownFileType = sourcecode.c.h; name = m3_module.h; path = ../../source/m3_module.h; sourceTree = "<group>"; };
		B54326302267FE450079BFE8 /* m3_exec.h */ = {isa = PBXFileReference; lastKnownFileType = sourcecode.c.h; name = m3_exec.h; path = ../../source/m3_exec.h; sourceTree = "<group>"; };
		B54326312267FE450079BFE8 /* m3_exec.c */ = {isa = PBXFileReference; lastKnownFileType = sourcecode.c.c; name = m3_exec.c; path = ../../source/m3_exec.c; sourceTree = "<group>"; };
		B54326332267FF7E0079BFE8 /* m3_compile.h */ = {isa = PBXFileReference; lastKnownFileType = sourcecode.c.h; name = m3_compile.h; path = ../../source/m3_compile.h; sourceTree = "<group>"; };
		B54326342267FF7E0079BFE8 /* m3_compile.c */ = {isa = PBXFileReference; lastKnownFileType = sourcecode.c.c; name = m3_compile.c; path = ../../source/m3_compile.c; sourceTree = "<group>"; };
		B5432636226A72AA0079BFE8 /* m3_code.h */ = {isa = PBXFileReference; lastKnownFileType = sourcecode.c.h; name = m3_code.h; path = ../../source/m3_code.h; sourceTree = "<group>"; };
		B5432637226A72AA0079BFE8 /* m3_code.c */ = {isa = PBXFileReference; lastKnownFileType = sourcecode.c.c; name = m3_code.c; path = ../../source/m3_code.c; sourceTree = "<group>"; };
		B5432639226A76120079BFE8 /* m3_env.h */ = {isa = PBXFileReference; lastKnownFileType = sourcecode.c.h; name = m3_env.h; path = ../../source/m3_env.h; sourceTree = "<group>"; };
		B543263A226A76120079BFE8 /* m3_env.c */ = {isa = PBXFileReference; lastKnownFileType = sourcecode.c.c; name = m3_env.c; path = ../../source/m3_env.c; sourceTree = "<group>"; };
		B543263D226AE2B60079BFE8 /* m3_parse.c */ = {isa = PBXFileReference; lastKnownFileType = sourcecode.c.c; name = m3_parse.c; path = ../../source/m3_parse.c; sourceTree = "<group>"; };
		B54CAEEE22D050DE00BA35D1 /* m3_exception.h */ = {isa = PBXFileReference; lastKnownFileType = sourcecode.c.h; name = m3_exception.h; path = ../../source/m3_exception.h; sourceTree = "<group>"; };
		B5537E51227709B300DD3E2A /* m3_bind.c */ = {isa = PBXFileReference; lastKnownFileType = sourcecode.c.c; name = m3_bind.c; path = ../../source/m3_bind.c; sourceTree = "<group>"; };
		B5541C6A227E21C000ADC074 /* m3_config.h */ = {isa = PBXFileReference; lastKnownFileType = sourcecode.c.h; name = m3_config.h; path = ../../source/m3_config.h; sourceTree = "<group>"; };
		B5638198226FD06F00B00459 /* m3.hpp */ = {isa = PBXFileReference; lastKnownFileType = sourcecode.cpp.h; name = m3.hpp; path = ../../source/m3.hpp; sourceTree = "<group>"; };
		B5665E2E22D577A8003F799A /* m3_emit.h */ = {isa = PBXFileReference; lastKnownFileType = sourcecode.c.h; name = m3_emit.h; path = ../../source/m3_emit.h; sourceTree = "<group>"; };
		B5665E2F22D577A8003F799A /* m3_emit.c */ = {isa = PBXFileReference; lastKnownFileType = sourcecode.c.c; name = m3_emit.c; path = ../../source/m3_emit.c; sourceTree = "<group>"; };
		B56FD4C12282A49C006B249B /* m3_module.c */ = {isa = PBXFileReference; lastKnownFileType = sourcecode.c.c; name = m3_module.c; path = ../../source/m3_module.c; sourceTree = "<group>"; };
		B59469F822654B8F008572B8 /* m3 */ = {isa = PBXFileReference; explicitFileType = "compiled.mach-o.executable"; includeInIndex = 0; path = m3; sourceTree = BUILT_PRODUCTS_DIR; };
		B5946A0322654C05008572B8 /* main.cpp */ = {isa = PBXFileReference; fileEncoding = 4; lastKnownFileType = sourcecode.cpp.cpp; name = main.cpp; path = ../../source/main.cpp; sourceTree = "<group>"; };
		B5C4BE4522790CE400CEB4AB /* mandelbrot.c */ = {isa = PBXFileReference; fileEncoding = 4; lastKnownFileType = sourcecode.c.c; name = mandelbrot.c; path = ../../benchmark/mandelbrot.c; sourceTree = "<group>"; };
		B5C4BE4722790FE200CEB4AB /* perf.dsp.c */ = {isa = PBXFileReference; lastKnownFileType = sourcecode.c.c; name = perf.dsp.c; path = ../../benchmark/perf.dsp.c; sourceTree = "<group>"; };
		B5EE06AA2266EF3800DCF003 /* m3_core.c */ = {isa = PBXFileReference; fileEncoding = 4; lastKnownFileType = sourcecode.c.c; name = m3_core.c; path = ../../source/m3_core.c; sourceTree = "<group>"; };
		B5EE06AC2266EF7100DCF003 /* m3_core.h */ = {isa = PBXFileReference; fileEncoding = 4; lastKnownFileType = sourcecode.c.h; name = m3_core.h; path = ../../source/m3_core.h; sourceTree = "<group>"; };
		B5F778892275781B001A4F1E /* m3_optimize.c */ = {isa = PBXFileReference; lastKnownFileType = sourcecode.c.c; name = m3_optimize.c; path = ../../source/m3_optimize.c; sourceTree = "<group>"; };
		B5F7788C227579A9001A4F1E /* m3_info.c */ = {isa = PBXFileReference; lastKnownFileType = sourcecode.c.c; name = m3_info.c; path = ../../source/m3_info.c; sourceTree = "<group>"; };
		B5FD6505227A53110077AAA3 /* m3_exec_defs.h */ = {isa = PBXFileReference; lastKnownFileType = sourcecode.c.h; name = m3_exec_defs.h; path = ../../source/m3_exec_defs.h; sourceTree = "<group>"; };
/* End PBXFileReference section */

/* Begin PBXFrameworksBuildPhase section */
		B59469F522654B8F008572B8 /* Frameworks */ = {
			isa = PBXFrameworksBuildPhase;
			buildActionMask = 2147483647;
			files = (
			);
			runOnlyForDeploymentPostprocessing = 0;
		};
/* End PBXFrameworksBuildPhase section */

/* Begin PBXGroup section */
		B59469EF22654B8F008572B8 = {
			isa = PBXGroup;
			children = (
				B5D5F5F92277B11300FEA827 /* tests */,
				B5946A0222654BE0008572B8 /* m3 */,
			);
			sourceTree = "<group>";
		};
		B59469F922654B8F008572B8 /* Products */ = {
			isa = PBXGroup;
			children = (
				B59469F822654B8F008572B8 /* m3 */,
			);
			name = Products;
			sourceTree = "<group>";
		};
		B5946A0222654BE0008572B8 /* m3 */ = {
			isa = PBXGroup;
			children = (
				B5541C6A227E21C000ADC074 /* m3_config.h */,
				B50D654E226D117100C09526 /* m3.h */,
				B5638198226FD06F00B00459 /* m3.hpp */,
				B5EE06AC2266EF7100DCF003 /* m3_core.h */,
				B5EE06AA2266EF3800DCF003 /* m3_core.c */,
				B56FD4C12282A49C006B249B /* m3_module.c */,
				B539F35522D2B68500219799 /* m3_module.h */,
				B5432639226A76120079BFE8 /* m3_env.h */,
				B543263A226A76120079BFE8 /* m3_env.c */,
				B5FD6505227A53110077AAA3 /* m3_exec_defs.h */,
				B54326302267FE450079BFE8 /* m3_exec.h */,
				B54326312267FE450079BFE8 /* m3_exec.c */,
				B5665E2E22D577A8003F799A /* m3_emit.h */,
				B5665E2F22D577A8003F799A /* m3_emit.c */,
				B54326332267FF7E0079BFE8 /* m3_compile.h */,
				B54326342267FF7E0079BFE8 /* m3_compile.c */,
				B5F778892275781B001A4F1E /* m3_optimize.c */,
				B5432636226A72AA0079BFE8 /* m3_code.h */,
				B5432637226A72AA0079BFE8 /* m3_code.c */,
				B543263D226AE2B60079BFE8 /* m3_parse.c */,
				B5537E51227709B300DD3E2A /* m3_bind.c */,
				B5227101227693FF003D2ACE /* m3_host.c */,
				B5227102227693FF003D2ACE /* m3_host.h */,
				B5F7788C227579A9001A4F1E /* m3_info.c */,
				B54CAEEE22D050DE00BA35D1 /* m3_exception.h */,
				B59469F922654B8F008572B8 /* Products */,
				B5946A0322654C05008572B8 /* main.cpp */,
			);
			name = m3;
			sourceTree = "<group>";
		};
		B5D5F5F92277B11300FEA827 /* tests */ = {
			isa = PBXGroup;
			children = (
				B51327812277EB6000447182 /* perf.crc.c */,
				B5C4BE4522790CE400CEB4AB /* mandelbrot.c */,
				B5C4BE4722790FE200CEB4AB /* perf.dsp.c */,
				B51D6D5622C69EF2008BA3E0 /* test.zlib.c */,
			);
			name = tests;
			sourceTree = "<group>";
		};
/* End PBXGroup section */

/* Begin PBXNativeTarget section */
		B59469F722654B8F008572B8 /* m3 */ = {
			isa = PBXNativeTarget;
			buildConfigurationList = B59469FF22654B8F008572B8 /* Build configuration list for PBXNativeTarget "m3" */;
			buildPhases = (
				B59469F422654B8F008572B8 /* Sources */,
				B59469F522654B8F008572B8 /* Frameworks */,
				B59469F622654B8F008572B8 /* CopyFiles */,
			);
			buildRules = (
			);
			dependencies = (
			);
			name = m3;
			productName = m3;
			productReference = B59469F822654B8F008572B8 /* m3 */;
			productType = "com.apple.product-type.tool";
		};
/* End PBXNativeTarget section */

/* Begin PBXProject section */
		B59469F022654B8F008572B8 /* Project object */ = {
			isa = PBXProject;
			attributes = {
				LastUpgradeCheck = 0920;
				ORGANIZATIONNAME = "Steven Massey";
				TargetAttributes = {
					B59469F722654B8F008572B8 = {
						CreatedOnToolsVersion = 9.2;
						ProvisioningStyle = Automatic;
					};
				};
			};
			buildConfigurationList = B59469F322654B8F008572B8 /* Build configuration list for PBXProject "m3" */;
			compatibilityVersion = "Xcode 8.0";
			developmentRegion = en;
			hasScannedForEncodings = 0;
			knownRegions = (
				en,
			);
			mainGroup = B59469EF22654B8F008572B8;
			productRefGroup = B59469F922654B8F008572B8 /* Products */;
			projectDirPath = "";
			projectRoot = "";
			targets = (
				B59469F722654B8F008572B8 /* m3 */,
			);
		};
/* End PBXProject section */

/* Begin PBXSourcesBuildPhase section */
		B59469F422654B8F008572B8 /* Sources */ = {
			isa = PBXSourcesBuildPhase;
			buildActionMask = 2147483647;
			files = (
				B543263E226AE2B60079BFE8 /* m3_parse.c in Sources */,
				B522710322769400003D2ACE /* m3_host.c in Sources */,
				B5537E52227709B300DD3E2A /* m3_bind.c in Sources */,
				B5946A0422654C05008572B8 /* main.cpp in Sources */,
				B5432638226A72AA0079BFE8 /* m3_code.c in Sources */,
				B54326352267FF7E0079BFE8 /* m3_compile.c in Sources */,
				B543263B226A76120079BFE8 /* m3_env.c in Sources */,
				B54326322267FE450079BFE8 /* m3_exec.c in Sources */,
				B5F7788A2275781B001A4F1E /* m3_optimize.c in Sources */,
				B56FD4C22282A49C006B249B /* m3_module.c in Sources */,
				B5F7788D227579A9001A4F1E /* m3_info.c in Sources */,
				B5665E3022D577A8003F799A /* m3_emit.c in Sources */,
				B5EE06AB2266EF3900DCF003 /* m3_core.c in Sources */,
			);
			runOnlyForDeploymentPostprocessing = 0;
		};
/* End PBXSourcesBuildPhase section */

/* Begin XCBuildConfiguration section */
		B59469FD22654B8F008572B8 /* Debug */ = {
			isa = XCBuildConfiguration;
			buildSettings = {
				ALWAYS_SEARCH_USER_PATHS = NO;
				CLANG_ANALYZER_NONNULL = YES;
				CLANG_ANALYZER_NUMBER_OBJECT_CONVERSION = YES_AGGRESSIVE;
				CLANG_CXX_LANGUAGE_STANDARD = "gnu++14";
				CLANG_CXX_LIBRARY = "libc++";
				CLANG_ENABLE_MODULES = YES;
				CLANG_ENABLE_OBJC_ARC = YES;
				CLANG_WARN_BLOCK_CAPTURE_AUTORELEASING = YES;
				CLANG_WARN_BOOL_CONVERSION = YES;
				CLANG_WARN_COMMA = YES;
				CLANG_WARN_CONSTANT_CONVERSION = YES;
				CLANG_WARN_DIRECT_OBJC_ISA_USAGE = YES_ERROR;
				CLANG_WARN_DOCUMENTATION_COMMENTS = YES;
				CLANG_WARN_EMPTY_BODY = YES;
				CLANG_WARN_ENUM_CONVERSION = YES;
				CLANG_WARN_INFINITE_RECURSION = YES;
				CLANG_WARN_INT_CONVERSION = YES;
				CLANG_WARN_NON_LITERAL_NULL_CONVERSION = YES;
				CLANG_WARN_OBJC_LITERAL_CONVERSION = YES;
				CLANG_WARN_OBJC_ROOT_CLASS = YES_ERROR;
				CLANG_WARN_RANGE_LOOP_ANALYSIS = YES;
				CLANG_WARN_STRICT_PROTOTYPES = YES;
				CLANG_WARN_SUSPICIOUS_MOVE = YES;
				CLANG_WARN_UNGUARDED_AVAILABILITY = YES_AGGRESSIVE;
				CLANG_WARN_UNREACHABLE_CODE = YES;
				CLANG_WARN__DUPLICATE_METHOD_MATCH = YES;
				CODE_SIGN_IDENTITY = "-";
				COPY_PHASE_STRIP = NO;
				DEBUG_INFORMATION_FORMAT = dwarf;
				ENABLE_STRICT_OBJC_MSGSEND = YES;
				ENABLE_TESTABILITY = YES;
				GCC_C_LANGUAGE_STANDARD = gnu11;
				GCC_DYNAMIC_NO_PIC = NO;
				GCC_NO_COMMON_BLOCKS = YES;
				GCC_OPTIMIZATION_LEVEL = 0;
				GCC_PREPROCESSOR_DEFINITIONS = (
					"DEBUG=1",
					"$(inherited)",
				);
				GCC_WARN_64_TO_32_BIT_CONVERSION = YES;
				GCC_WARN_ABOUT_RETURN_TYPE = YES_ERROR;
				GCC_WARN_UNDECLARED_SELECTOR = YES;
				GCC_WARN_UNINITIALIZED_AUTOS = YES_AGGRESSIVE;
				GCC_WARN_UNUSED_FUNCTION = YES;
				GCC_WARN_UNUSED_VARIABLE = YES;
				MACOSX_DEPLOYMENT_TARGET = 10.13;
				MTL_ENABLE_DEBUG_INFO = YES;
				ONLY_ACTIVE_ARCH = YES;
				SDKROOT = macosx;
			};
			name = Debug;
		};
		B59469FE22654B8F008572B8 /* Release */ = {
			isa = XCBuildConfiguration;
			buildSettings = {
				ALWAYS_SEARCH_USER_PATHS = NO;
				CLANG_ANALYZER_NONNULL = YES;
				CLANG_ANALYZER_NUMBER_OBJECT_CONVERSION = YES_AGGRESSIVE;
				CLANG_CXX_LANGUAGE_STANDARD = "gnu++14";
				CLANG_CXX_LIBRARY = "libc++";
				CLANG_ENABLE_MODULES = YES;
				CLANG_ENABLE_OBJC_ARC = YES;
				CLANG_WARN_BLOCK_CAPTURE_AUTORELEASING = YES;
				CLANG_WARN_BOOL_CONVERSION = YES;
				CLANG_WARN_COMMA = YES;
				CLANG_WARN_CONSTANT_CONVERSION = YES;
				CLANG_WARN_DIRECT_OBJC_ISA_USAGE = YES_ERROR;
				CLANG_WARN_DOCUMENTATION_COMMENTS = YES;
				CLANG_WARN_EMPTY_BODY = YES;
				CLANG_WARN_ENUM_CONVERSION = YES;
				CLANG_WARN_INFINITE_RECURSION = YES;
				CLANG_WARN_INT_CONVERSION = YES;
				CLANG_WARN_NON_LITERAL_NULL_CONVERSION = YES;
				CLANG_WARN_OBJC_LITERAL_CONVERSION = YES;
				CLANG_WARN_OBJC_ROOT_CLASS = YES_ERROR;
				CLANG_WARN_RANGE_LOOP_ANALYSIS = YES;
				CLANG_WARN_STRICT_PROTOTYPES = YES;
				CLANG_WARN_SUSPICIOUS_MOVE = YES;
				CLANG_WARN_UNGUARDED_AVAILABILITY = YES_AGGRESSIVE;
				CLANG_WARN_UNREACHABLE_CODE = YES;
				CLANG_WARN__DUPLICATE_METHOD_MATCH = YES;
				CODE_SIGN_IDENTITY = "-";
				COPY_PHASE_STRIP = NO;
				DEBUG_INFORMATION_FORMAT = "dwarf-with-dsym";
				ENABLE_NS_ASSERTIONS = NO;
				ENABLE_STRICT_OBJC_MSGSEND = YES;
				GCC_C_LANGUAGE_STANDARD = gnu11;
				GCC_NO_COMMON_BLOCKS = YES;
				GCC_WARN_64_TO_32_BIT_CONVERSION = YES;
				GCC_WARN_ABOUT_RETURN_TYPE = YES_ERROR;
				GCC_WARN_UNDECLARED_SELECTOR = YES;
				GCC_WARN_UNINITIALIZED_AUTOS = YES_AGGRESSIVE;
				GCC_WARN_UNUSED_FUNCTION = YES;
				GCC_WARN_UNUSED_VARIABLE = YES;
				MACOSX_DEPLOYMENT_TARGET = 10.13;
				MTL_ENABLE_DEBUG_INFO = NO;
				SDKROOT = macosx;
			};
			name = Release;
		};
		B5946A0022654B8F008572B8 /* Debug */ = {
			isa = XCBuildConfiguration;
			buildSettings = {
				CODE_SIGN_STYLE = Automatic;
				GCC_VERSION = "";
				PRODUCT_NAME = "$(TARGET_NAME)";
			};
			name = Debug;
		};
		B5946A0122654B8F008572B8 /* Release */ = {
			isa = XCBuildConfiguration;
			buildSettings = {
				CODE_SIGN_STYLE = Automatic;
				DEAD_CODE_STRIPPING = YES;
				GCC_OPTIMIZATION_LEVEL = fast;
				GCC_VERSION = "";
				OTHER_CFLAGS = "-fomit-frame-pointer";
				PRODUCT_NAME = "$(TARGET_NAME)";
			};
			name = Release;
		};
/* End XCBuildConfiguration section */

/* Begin XCConfigurationList section */
		B59469F322654B8F008572B8 /* Build configuration list for PBXProject "m3" */ = {
			isa = XCConfigurationList;
			buildConfigurations = (
				B59469FD22654B8F008572B8 /* Debug */,
				B59469FE22654B8F008572B8 /* Release */,
			);
			defaultConfigurationIsVisible = 0;
			defaultConfigurationName = Release;
		};
		B59469FF22654B8F008572B8 /* Build configuration list for PBXNativeTarget "m3" */ = {
			isa = XCConfigurationList;
			buildConfigurations = (
				B5946A0022654B8F008572B8 /* Debug */,
				B5946A0122654B8F008572B8 /* Release */,
			);
			defaultConfigurationIsVisible = 0;
			defaultConfigurationName = Release;
		};
/* End XCConfigurationList section */
	};
	rootObject = B59469F022654B8F008572B8 /* Project object */;
}
