# THIS IS AN AUTOGENERATED FILE. DO NOT EDIT THIS FILE DIRECTLY.
# yarn lockfile v1


assemblyscript@^0.8.1-nightly.20200119:
  version "0.8.1-nightly.20200119"
  resolved "https://registry.yarnpkg.com/assemblyscript/-/assemblyscript-0.8.1-nightly.20200119.tgz#8b62ce969a3e00e2fe7108802b25d17425723a2f"
  integrity sha512-KxIM7zmTz67Fo0Tjz0uUKcGXXZ9JS8upkvrChoe2bnVlYPWrGufKFCpGgGivClhOX2u49KvF99tAdQBKK2h3/A==
  dependencies:
    binaryen "90.0.0-nightly.20200101"
    long "^4.0.0"

binaryen@90.0.0-nightly.20200101:
  version "90.0.0-nightly.20200101"
  resolved "https://registry.yarnpkg.com/binaryen/-/binaryen-90.0.0-nightly.20200101.tgz#75fb065e4a2dd88852c2872085e05eee0883106c"
  integrity sha512-64lgruunUnkJD4YVD0DLCSRskqfo3xhoErM1H22GfkkWNT16/7tPTLG+MYqKLMALTiIyLL6L9UqmDaxOxDv0rw==

long@^4.0.0:
  version "4.0.0"
  resolved "https://registry.yarnpkg.com/long/-/long-4.0.0.tgz#9a7b71cfb7d361a194ea555241c92f7468d5bf28"
  integrity sha512-XsP+KhQif4bjX1kbuSiySJFNAehNxgLb6hPRGJ9QsUr8ajHkuXGdrHmFUTUUXhDwVX2R5bY4JNZEwbUiMhV+MA==
